
Microsoft Visual Studio Solution File, Format Version 12.00
# Visual Studio Version 17
VisualStudioVersion = 17.2.32630.192
MinimumVisualStudioVersion = 10.0.40219.1
Project("{FAE04EC0-301F-11D3-BF4B-00C04F79EFBC}") = "Dosaaf", "Dosaaf\Dosaaf.csproj", "{AFFC21C0-8962-4699-9B08-21B489B4F040}"
EndProject
Global
	GlobalSection(SolutionConfigurationPlatforms) = preSolution
		Debug|Any CPU = Debug|Any CPU
		Release|Any CPU = Release|Any CPU
	EndGlobalSection
	GlobalSection(ProjectConfigurationPlatforms) = postSolution
		{AFFC21C0-8962-4699-9B08-21B489B4F040}.Debug|Any CPU.ActiveCfg = Debug|Any CPU
		{AFFC21C0-8962-4699-9B08-21B489B4F040}.Debug|Any CPU.Build.0 = Debug|Any CPU
		{AFFC21C0-8962-4699-9B08-21B489B4F040}.Release|Any CPU.ActiveCfg = Release|Any CPU
		{AFFC21C0-8962-4699-9B08-21B489B4F040}.Release|Any CPU.Build.0 = Release|Any CPU
	EndGlobalSection
	GlobalSection(SolutionProperties) = preSolution
		HideSolutionNode = FALSE
	EndGlobalSection
	GlobalSection(ExtensibilityGlobals) = postSolution
		SolutionGuid = {29A5F601-5B0A-428F-AED3-D7FD8544F2FE}
	EndGlobalSection
EndGlobal
